
Microsoft Visual Studio Solution File, Format Version 12.00
# Visual Studio Version 17
VisualStudioVersion = 17.13.35931.197 d17.13
MinimumVisualStudioVersion = 10.0.40219.1
Project("{FAE04EC0-301F-11D3-BF4B-00C04F79EFBC}") = "QuizApp", "QuizApp\QuizApp.csproj", "{AAB4F837-EFF7-479D-B3DF-18F61E11265A}"
EndProject
Global
	GlobalSection(SolutionConfigurationPlatforms) = preSolution
		Debug|Any CPU = Debug|Any CPU
		Release|Any CPU = Release|Any CPU
	EndGlobalSection
	GlobalSection(ProjectConfigurationPlatforms) = postSolution
		{AAB4F837-EFF7-479D-B3DF-18F61E11265A}.Debug|Any CPU.ActiveCfg = Debug|Any CPU
		{AAB4F837-EFF7-479D-B3DF-18F61E11265A}.Debug|Any CPU.Build.0 = Debug|Any CPU
		{AAB4F837-EFF7-479D-B3DF-18F61E11265A}.Release|Any CPU.ActiveCfg = Release|Any CPU
		{AAB4F837-EFF7-479D-B3DF-18F61E11265A}.Release|Any CPU.Build.0 = Release|Any CPU
	EndGlobalSection
	GlobalSection(SolutionProperties) = preSolution
		HideSolutionNode = FALSE
	EndGlobalSection
	GlobalSection(ExtensibilityGlobals) = postSolution
		SolutionGuid = {3F14B91E-3245-424A-8AE4-15269FD0C0A9}
	EndGlobalSection
EndGlobal
